<?xml version="1.0" encoding="utf-8"?>
<Project ToolsVersion="4.0" xmlns="http://schemas.microsoft.com/developer/msbuild/2003">
  <ItemGroup>
    <Filter Include="Network">
      <UniqueIdentifier>{afd7320d-084f-406e-b037-9cbbe3e2313c}</UniqueIdentifier>
    </Filter>
    <Filter Include="Base">
      <UniqueIdentifier>{1b6fc0f8-a8bc-4555-8ab3-cc4e2ab3a169}</UniqueIdentifier>
    </Filter>
    <Filter Include="Game">
      <UniqueIdentifier>{625cb837-10f3-4c7f-9713-022fff561b26}</UniqueIdentifier>
    </Filter>
  </ItemGroup>
  <ItemGroup>
    <ClCompile Include="main.cpp" />
    <ClCompile Include="SocketServer.cpp">
      <Filter>Network</Filter>
    </ClCompile>
    <ClCompile Include="SocketClient.cpp">
      <Filter>Network</Filter>
    </ClCompile>
    <ClCompile Include="Memory.cpp">
      <Filter>Base</Filter>
    </ClCompile>
    <ClCompile Include="Defs.cpp">
      <Filter>Base</Filter>
    </ClCompile>
    <ClCompile Include="Utils.cpp">
      <Filter>Base</Filter>
    </ClCompile>
    <ClCompile Include="Buffer.cpp">
      <Filter>Base</Filter>
    </ClCompile>
    <ClCompile Include="Player.cpp">
      <Filter>Game</Filter>
    </ClCompile>
    <ClCompile Include="Room.cpp">
      <Filter>Game</Filter>
    </ClCompile>
    <ClCompile Include="ServerApp.cpp">
      <Filter>Game</Filter>
    </ClCompile>
    <ClCompile Include="ClientEventHandler.cpp">
      <Filter>Base</Filter>
    </ClCompile>
    <ClCompile Include="FrameData.cpp">
      <Filter>Game</Filter>
    </ClCompile>
    <ClCompile Include="Config.cpp" />
    <ClCompile Include="Socket.cpp">
      <Filter>Network</Filter>
    </ClCompile>
  </ItemGroup>
  <ItemGroup>
    <ClInclude Include="SocketServer.h">
      <Filter>Network</Filter>
    </ClInclude>
    <ClInclude Include="SocketClient.h">
      <Filter>Network</Filter>
    </ClInclude>
    <ClInclude Include="Memory.h">
      <Filter>Base</Filter>
    </ClInclude>
    <ClInclude Include="Defs.h">
      <Filter>Base</Filter>
    </ClInclude>
    <ClInclude Include="Utils.h">
      <Filter>Base</Filter>
    </ClInclude>
    <ClInclude Include="Buffer.h">
      <Filter>Base</Filter>
    </ClInclude>
    <ClInclude Include="Player.h">
      <Filter>Game</Filter>
    </ClInclude>
    <ClInclude Include="Room.h">
      <Filter>Game</Filter>
    </ClInclude>
    <ClInclude Include="ServerApp.h">
      <Filter>Game</Filter>
    </ClInclude>
    <ClInclude Include="ClientEventHandler.h">
      <Filter>Base</Filter>
    </ClInclude>
    <ClInclude Include="FrameData.h">
      <Filter>Game</Filter>
    </ClInclude>
    <ClInclude Include="Config.h" />
    <ClInclude Include="Socket.h">
      <Filter>Network</Filter>
    </ClInclude>
  </ItemGroup>
</Project>